
Microsoft Visual Studio Solution File, Format Version 12.00
Project("{FAE04EC0-301F-11D3-BF4B-00C04F79EFBC}") = "Scratch", "Scratch\Scratch.csproj", "{7B241E4A-FC74-4E88-AF90-0DC739927201}"
EndProject
Project("{FAE04EC0-301F-11D3-BF4B-00C04F79EFBC}") = "WebApplication1", "WebApplication1\WebApplication1.csproj", "{ACDCC7AF-7D80-46DA-8658-6303B63F8141}"
EndProject
Global
	GlobalSection(SolutionConfigurationPlatforms) = preSolution
		Debug|Any CPU = Debug|Any CPU
		Release|Any CPU = Release|Any CPU
	EndGlobalSection
	GlobalSection(ProjectConfigurationPlatforms) = postSolution
		{7B241E4A-FC74-4E88-AF90-0DC739927201}.Debug|Any CPU.ActiveCfg = Debug|Any CPU
		{7B241E4A-FC74-4E88-AF90-0DC739927201}.Debug|Any CPU.Build.0 = Debug|Any CPU
		{7B241E4A-FC74-4E88-AF90-0DC739927201}.Release|Any CPU.ActiveCfg = Release|Any CPU
		{7B241E4A-FC74-4E88-AF90-0DC739927201}.Release|Any CPU.Build.0 = Release|Any CPU
		{ACDCC7AF-7D80-46DA-8658-6303B63F8141}.Debug|Any CPU.ActiveCfg = Debug|Any CPU
		{ACDCC7AF-7D80-46DA-8658-6303B63F8141}.Debug|Any CPU.Build.0 = Debug|Any CPU
		{ACDCC7AF-7D80-46DA-8658-6303B63F8141}.Release|Any CPU.ActiveCfg = Release|Any CPU
		{ACDCC7AF-7D80-46DA-8658-6303B63F8141}.Release|Any CPU.Build.0 = Release|Any CPU
	EndGlobalSection
EndGlobal
